// !$*UTF8*$!
{
	archiveVersion = 1;
	classes = {
	};
	objectVersion = 56;
	objects = {

/* Begin PBXBuildFile section */
		98996E44298B2DBA000142C7 /* AppDelegate.swift in Sources */ = {isa = PBXBuildFile; fileRef = 98996E43298B2DBA000142C7 /* AppDelegate.swift */; };
		98996E46298B2DBA000142C7 /* GameScene.sks in Resources */ = {isa = PBXBuildFile; fileRef = 98996E45298B2DBA000142C7 /* GameScene.sks */; };
		98996E4A298B2DBA000142C7 /* GameScene.swift in Sources */ = {isa = PBXBuildFile; fileRef = 98996E49298B2DBA000142C7 /* GameScene.swift */; };
		98996E4C298B2DBA000142C7 /* GameViewController.swift in Sources */ = {isa = PBXBuildFile; fileRef = 98996E4B298B2DBA000142C7 /* GameViewController.swift */; };
		98996E4F298B2DBA000142C7 /* Main.storyboard in Resources */ = {isa = PBXBuildFile; fileRef = 98996E4D298B2DBA000142C7 /* Main.storyboard */; };
		98996E51298B2DBB000142C7 /* Assets.xcassets in Resources */ = {isa = PBXBuildFile; fileRef = 98996E50298B2DBB000142C7 /* Assets.xcassets */; };
		98996E54298B2DBB000142C7 /* LaunchScreen.storyboard in Resources */ = {isa = PBXBuildFile; fileRef = 98996E52298B2DBB000142C7 /* LaunchScreen.storyboard */; };
		98996E5F298B2DF7000142C7 /* Player.swift in Sources */ = {isa = PBXBuildFile; fileRef = 98996E5B298B2DF7000142C7 /* Player.swift */; };
		98996E60298B2DF7000142C7 /* Island.swift in Sources */ = {isa = PBXBuildFile; fileRef = 98996E5C298B2DF7000142C7 /* Island.swift */; };
		98996E61298B2DF7000142C7 /* Ocean.swift in Sources */ = {isa = PBXBuildFile; fileRef = 98996E5D298B2DF7000142C7 /* Ocean.swift */; };
		98996E62298B2DF7000142C7 /* Cloud.swift in Sources */ = {isa = PBXBuildFile; fileRef = 98996E5E298B2DF7000142C7 /* Cloud.swift */; };
		98996E67298B2E08000142C7 /* GameObject.swift in Sources */ = {isa = PBXBuildFile; fileRef = 98996E64298B2E08000142C7 /* GameObject.swift */; };
		98996E68298B2E08000142C7 /* GameObjectProtocol.swift in Sources */ = {isa = PBXBuildFile; fileRef = 98996E65298B2E08000142C7 /* GameObjectProtocol.swift */; };
		98996E69298B2E08000142C7 /* Layer.swift in Sources */ = {isa = PBXBuildFile; fileRef = 98996E66298B2E08000142C7 /* Layer.swift */; };
		98996F19298B2EE6000142C7 /* bullet.png in Resources */ = {isa = PBXBuildFile; fileRef = 98996EDF298B2EE6000142C7 /* bullet.png */; };
		98996F1A298B2EE6000142C7 /* plane3.png in Resources */ = {isa = PBXBuildFile; fileRef = 98996EE0298B2EE6000142C7 /* plane3.png */; };
		98996F1B298B2EE6000142C7 /* plane2.png in Resources */ = {isa = PBXBuildFile; fileRef = 98996EE1298B2EE6000142C7 /* plane2.png */; };
		98996F1C298B2EE6000142C7 /* plane1.png in Resources */ = {isa = PBXBuildFile; fileRef = 98996EE2298B2EE6000142C7 /* plane1.png */; };
		98996F1D298B2EE6000142C7 /* backButton.png in Resources */ = {isa = PBXBuildFile; fileRef = 98996EE3298B2EE6000142C7 /* backButton.png */; };
		98996F1E298B2EE6000142C7 /* plane.png in Resources */ = {isa = PBXBuildFile; fileRef = 98996EE4298B2EE6000142C7 /* plane.png */; };
		98996F1F298B2EE6000142C7 /* island.png in Resources */ = {isa = PBXBuildFile; fileRef = 98996EE5298B2EE6000142C7 /* island.png */; };
		98996F20298B2EE6000142C7 /* planeflash2.png in Resources */ = {isa = PBXBuildFile; fileRef = 98996EE6298B2EE6000142C7 /* planeflash2.png */; };
		98996F21298B2EE6000142C7 /* clickMeButton.png in Resources */ = {isa = PBXBuildFile; fileRef = 98996EE7298B2EE6000142C7 /* clickMeButton.png */; };
		98996F22298B2EE6000142C7 /* planeflash1.png in Resources */ = {isa = PBXBuildFile; fileRef = 98996EE8298B2EE6000142C7 /* planeflash1.png */; };
		98996F23298B2EE6000142C7 /* ocean.gif in Resources */ = {isa = PBXBuildFile; fileRef = 98996EE9298B2EE6000142C7 /* ocean.gif */; };
		98996F24298B2EE6000142C7 /* coin08.png in Resources */ = {isa = PBXBuildFile; fileRef = 98996EEA298B2EE6000142C7 /* coin08.png */; };
		98996F25298B2EE6000142C7 /* coin09.png in Resources */ = {isa = PBXBuildFile; fileRef = 98996EEB298B2EE6000142C7 /* coin09.png */; };
		98996F26298B2EE6000142C7 /* restartButton.png in Resources */ = {isa = PBXBuildFile; fileRef = 98996EEC298B2EE6000142C7 /* restartButton.png */; };
		98996F27298B2EE6000142C7 /* coin10.png in Resources */ = {isa = PBXBuildFile; fileRef = 98996EED298B2EE6000142C7 /* coin10.png */; };
		98996F28298B2EE6000142C7 /* coin04.png in Resources */ = {isa = PBXBuildFile; fileRef = 98996EEE298B2EE6000142C7 /* coin04.png */; };
		98996F29298B2EE6000142C7 /* smallexplosion4.png in Resources */ = {isa = PBXBuildFile; fileRef = 98996EEF298B2EE6000142C7 /* smallexplosion4.png */; };
		98996F2A298B2EE6000142C7 /* smallexplosion5.png in Resources */ = {isa = PBXBuildFile; fileRef = 98996EF0298B2EE6000142C7 /* smallexplosion5.png */; };
		98996F2B298B2EE6000142C7 /* coin05.png in Resources */ = {isa = PBXBuildFile; fileRef = 98996EF1298B2EE6000142C7 /* coin05.png */; };
		98996F2C298B2EE6000142C7 /* coin07.png in Resources */ = {isa = PBXBuildFile; fileRef = 98996EF2298B2EE6000142C7 /* coin07.png */; };
		98996F2D298B2EE6000142C7 /* smallexplosion6.png in Resources */ = {isa = PBXBuildFile; fileRef = 98996EF3298B2EE6000142C7 /* smallexplosion6.png */; };
		98996F2E298B2EE6000142C7 /* coin06.png in Resources */ = {isa = PBXBuildFile; fileRef = 98996EF4298B2EE6000142C7 /* coin06.png */; };
		98996F2F298B2EE6000142C7 /* cloud.png in Resources */ = {isa = PBXBuildFile; fileRef = 98996EF5298B2EE6000142C7 /* cloud.png */; };
		98996F30298B2EE6000142C7 /* coin02.png in Resources */ = {isa = PBXBuildFile; fileRef = 98996EF6298B2EE6000142C7 /* coin02.png */; };
		98996F31298B2EE6000142C7 /* smallexplosion2.png in Resources */ = {isa = PBXBuildFile; fileRef = 98996EF7298B2EE6000142C7 /* smallexplosion2.png */; };
		98996F32298B2EE6000142C7 /* smallexplosion3.png in Resources */ = {isa = PBXBuildFile; fileRef = 98996EF8298B2EE6000142C7 /* smallexplosion3.png */; };
		98996F33298B2EE6000142C7 /* coin03.png in Resources */ = {isa = PBXBuildFile; fileRef = 98996EF9298B2EE6000142C7 /* coin03.png */; };
		98996F34298B2EE6000142C7 /* coin01.png in Resources */ = {isa = PBXBuildFile; fileRef = 98996EFA298B2EE6000142C7 /* coin01.png */; };
		98996F35298B2EE6000142C7 /* smallexplosion1.png in Resources */ = {isa = PBXBuildFile; fileRef = 98996EFB298B2EE6000142C7 /* smallexplosion1.png */; };
		98996F36298B2EE6000142C7 /* nextButton.png in Resources */ = {isa = PBXBuildFile; fileRef = 98996EFC298B2EE6000142C7 /* nextButton.png */; };
		98996F37298B2EE6000142C7 /* explosion1.png in Resources */ = {isa = PBXBuildFile; fileRef = 98996EFD298B2EE6000142C7 /* explosion1.png */; };
		98996F38298B2EE6000142C7 /* enemy1.png in Resources */ = {isa = PBXBuildFile; fileRef = 98996EFE298B2EE6000142C7 /* enemy1.png */; };
		98996F39298B2EE6000142C7 /* explosion2.png in Resources */ = {isa = PBXBuildFile; fileRef = 98996EFF298B2EE6000142C7 /* explosion2.png */; };
		98996F3A298B2EE6000142C7 /* enemy3.png in Resources */ = {isa = PBXBuildFile; fileRef = 98996F00298B2EE6000142C7 /* enemy3.png */; };
		98996F3B298B2EE6000142C7 /* enemy2.png in Resources */ = {isa = PBXBuildFile; fileRef = 98996F01298B2EE6000142C7 /* enemy2.png */; };
		98996F3C298B2EE6000142C7 /* ocean.png in Resources */ = {isa = PBXBuildFile; fileRef = 98996F02298B2EE6000142C7 /* ocean.png */; };
		98996F3D298B2EE6000142C7 /* explosion3.png in Resources */ = {isa = PBXBuildFile; fileRef = 98996F03298B2EE6000142C7 /* explosion3.png */; };
		98996F3E298B2EE6000142C7 /* explosion7.png in Resources */ = {isa = PBXBuildFile; fileRef = 98996F04298B2EE6000142C7 /* explosion7.png */; };
		98996F3F298B2EE6000142C7 /* startButton.png in Resources */ = {isa = PBXBuildFile; fileRef = 98996F05298B2EE6000142C7 /* startButton.png */; };
		98996F40298B2EE6000142C7 /* explosion6.png in Resources */ = {isa = PBXBuildFile; fileRef = 98996F06298B2EE6000142C7 /* explosion6.png */; };
		98996F41298B2EE6000142C7 /* explosion4.png in Resources */ = {isa = PBXBuildFile; fileRef = 98996F07298B2EE6000142C7 /* explosion4.png */; };
		98996F42298B2EE6000142C7 /* explosion5.png in Resources */ = {isa = PBXBuildFile; fileRef = 98996F08298B2EE6000142C7 /* explosion5.png */; };
		98996F43298B2EE6000142C7 /* life.wav in Resources */ = {isa = PBXBuildFile; fileRef = 98996F0A298B2EE6000142C7 /* life.wav */; };
		98996F44298B2EE6000142C7 /* explosion.mp3 in Resources */ = {isa = PBXBuildFile; fileRef = 98996F0B298B2EE6000142C7 /* explosion.mp3 */; };
		98996F48298B2EE6000142C7 /* coin.wav in Resources */ = {isa = PBXBuildFile; fileRef = 98996F0F298B2EE6000142C7 /* coin.wav */; };
		98996F49298B2EE6000142C7 /* bullet.mp3 in Resources */ = {isa = PBXBuildFile; fileRef = 98996F10298B2EE6000142C7 /* bullet.mp3 */; };
		98996F4A298B2EE6000142C7 /* textureAtlas.png in Resources */ = {isa = PBXBuildFile; fileRef = 98996F12298B2EE6000142C7 /* textureAtlas.png */; };
		98996F4B298B2EE6000142C7 /* textureAtlas.json in Resources */ = {isa = PBXBuildFile; fileRef = 98996F13298B2EE6000142C7 /* textureAtlas.json */; };
		98996F4C298B2EE6000142C7 /* MailPilotDemoProject.tps in Resources */ = {isa = PBXBuildFile; fileRef = 98996F14298B2EE6000142C7 /* MailPilotDemoProject.tps */; };
		98996F4D298B2EE6000142C7 /* dock51.woff in Resources */ = {isa = PBXBuildFile; fileRef = 98996F16298B2EE6000142C7 /* dock51.woff */; };
		98996F4E298B2EE6000142C7 /* dock51.woff2 in Resources */ = {isa = PBXBuildFile; fileRef = 98996F17298B2EE6000142C7 /* dock51.woff2 */; };
		98996F4F298B2EE6000142C7 /* Dock51.ttf in Resources */ = {isa = PBXBuildFile; fileRef = 98996F18298B2EE6000142C7 /* Dock51.ttf */; };
		98996F52298B3279000142C7 /* ColliosionManager.swift in Sources */ = {isa = PBXBuildFile; fileRef = 98996F51298B3279000142C7 /* ColliosionManager.swift */; };
		98996F55298B4198000142C7 /* ScoreManager.swift in Sources */ = {isa = PBXBuildFile; fileRef = 98996F54298B4198000142C7 /* ScoreManager.swift */; };
		98C15F4F298B459100DB0762 /* thunder.mp3 in Resources */ = {isa = PBXBuildFile; fileRef = 98C15F4D298B459100DB0762 /* thunder.mp3 */; };
		98C15F50298B459100DB0762 /* yay.mp3 in Resources */ = {isa = PBXBuildFile; fileRef = 98C15F4E298B459100DB0762 /* yay.mp3 */; };
/* End PBXBuildFile section */

/* Begin PBXFileReference section */
		98996E40298B2DBA000142C7 /* MAPD724-W2023-ICE-3B.app */ = {isa = PBXFileReference; explicitFileType = wrapper.application; includeInIndex = 0; path = "MAPD724-W2023-ICE-3B.app"; sourceTree = BUILT_PRODUCTS_DIR; };
		98996E43298B2DBA000142C7 /* AppDelegate.swift */ = {isa = PBXFileReference; lastKnownFileType = sourcecode.swift; path = AppDelegate.swift; sourceTree = "<group>"; };
		98996E45298B2DBA000142C7 /* GameScene.sks */ = {isa = PBXFileReference; lastKnownFileType = file.sks; path = GameScene.sks; sourceTree = "<group>"; };
		98996E49298B2DBA000142C7 /* GameScene.swift */ = {isa = PBXFileReference; lastKnownFileType = sourcecode.swift; path = GameScene.swift; sourceTree = "<group>"; };
		98996E4B298B2DBA000142C7 /* GameViewController.swift */ = {isa = PBXFileReference; lastKnownFileType = sourcecode.swift; path = GameViewController.swift; sourceTree = "<group>"; };
		98996E4E298B2DBA000142C7 /* Base */ = {isa = PBXFileReference; lastKnownFileType = file.storyboard; name = Base; path = Base.lproj/Main.storyboard; sourceTree = "<group>"; };
		98996E50298B2DBB000142C7 /* Assets.xcassets */ = {isa = PBXFileReference; lastKnownFileType = folder.assetcatalog; path = Assets.xcassets; sourceTree = "<group>"; };
		98996E53298B2DBB000142C7 /* Base */ = {isa = PBXFileReference; lastKnownFileType = file.storyboard; name = Base; path = Base.lproj/LaunchScreen.storyboard; sourceTree = "<group>"; };
		98996E5B298B2DF7000142C7 /* Player.swift */ = {isa = PBXFileReference; fileEncoding = 4; lastKnownFileType = sourcecode.swift; path = Player.swift; sourceTree = "<group>"; };
		98996E5C298B2DF7000142C7 /* Island.swift */ = {isa = PBXFileReference; fileEncoding = 4; lastKnownFileType = sourcecode.swift; path = Island.swift; sourceTree = "<group>"; };
		98996E5D298B2DF7000142C7 /* Ocean.swift */ = {isa = PBXFileReference; fileEncoding = 4; lastKnownFileType = sourcecode.swift; path = Ocean.swift; sourceTree = "<group>"; };
		98996E5E298B2DF7000142C7 /* Cloud.swift */ = {isa = PBXFileReference; fileEncoding = 4; lastKnownFileType = sourcecode.swift; path = Cloud.swift; sourceTree = "<group>"; };
		98996E64298B2E08000142C7 /* GameObject.swift */ = {isa = PBXFileReference; fileEncoding = 4; lastKnownFileType = sourcecode.swift; path = GameObject.swift; sourceTree = "<group>"; };
		98996E65298B2E08000142C7 /* GameObjectProtocol.swift */ = {isa = PBXFileReference; fileEncoding = 4; lastKnownFileType = sourcecode.swift; path = GameObjectProtocol.swift; sourceTree = "<group>"; };
		98996E66298B2E08000142C7 /* Layer.swift */ = {isa = PBXFileReference; fileEncoding = 4; lastKnownFileType = sourcecode.swift; path = Layer.swift; sourceTree = "<group>"; };
		98996EDF298B2EE6000142C7 /* bullet.png */ = {isa = PBXFileReference; lastKnownFileType = image.png; path = bullet.png; sourceTree = "<group>"; };
		98996EE0298B2EE6000142C7 /* plane3.png */ = {isa = PBXFileReference; lastKnownFileType = image.png; path = plane3.png; sourceTree = "<group>"; };
		98996EE1298B2EE6000142C7 /* plane2.png */ = {isa = PBXFileReference; lastKnownFileType = image.png; path = plane2.png; sourceTree = "<group>"; };
		98996EE2298B2EE6000142C7 /* plane1.png */ = {isa = PBXFileReference; lastKnownFileType = image.png; path = plane1.png; sourceTree = "<group>"; };
		98996EE3298B2EE6000142C7 /* backButton.png */ = {isa = PBXFileReference; lastKnownFileType = image.png; path = backButton.png; sourceTree = "<group>"; };
		98996EE4298B2EE6000142C7 /* plane.png */ = {isa = PBXFileReference; lastKnownFileType = image.png; path = plane.png; sourceTree = "<group>"; };
		98996EE5298B2EE6000142C7 /* island.png */ = {isa = PBXFileReference; lastKnownFileType = image.png; path = island.png; sourceTree = "<group>"; };
		98996EE6298B2EE6000142C7 /* planeflash2.png */ = {isa = PBXFileReference; lastKnownFileType = image.png; path = planeflash2.png; sourceTree = "<group>"; };
		98996EE7298B2EE6000142C7 /* clickMeButton.png */ = {isa = PBXFileReference; lastKnownFileType = image.png; path = clickMeButton.png; sourceTree = "<group>"; };
		98996EE8298B2EE6000142C7 /* planeflash1.png */ = {isa = PBXFileReference; lastKnownFileType = image.png; path = planeflash1.png; sourceTree = "<group>"; };
		98996EE9298B2EE6000142C7 /* ocean.gif */ = {isa = PBXFileReference; lastKnownFileType = image.gif; path = ocean.gif; sourceTree = "<group>"; };
		98996EEA298B2EE6000142C7 /* coin08.png */ = {isa = PBXFileReference; lastKnownFileType = image.png; path = coin08.png; sourceTree = "<group>"; };
		98996EEB298B2EE6000142C7 /* coin09.png */ = {isa = PBXFileReference; lastKnownFileType = image.png; path = coin09.png; sourceTree = "<group>"; };
		98996EEC298B2EE6000142C7 /* restartButton.png */ = {isa = PBXFileReference; lastKnownFileType = image.png; path = restartButton.png; sourceTree = "<group>"; };
		98996EED298B2EE6000142C7 /* coin10.png */ = {isa = PBXFileReference; lastKnownFileType = image.png; path = coin10.png; sourceTree = "<group>"; };
		98996EEE298B2EE6000142C7 /* coin04.png */ = {isa = PBXFileReference; lastKnownFileType = image.png; path = coin04.png; sourceTree = "<group>"; };
		98996EEF298B2EE6000142C7 /* smallexplosion4.png */ = {isa = PBXFileReference; lastKnownFileType = image.png; path = smallexplosion4.png; sourceTree = "<group>"; };
		98996EF0298B2EE6000142C7 /* smallexplosion5.png */ = {isa = PBXFileReference; lastKnownFileType = image.png; path = smallexplosion5.png; sourceTree = "<group>"; };
		98996EF1298B2EE6000142C7 /* coin05.png */ = {isa = PBXFileReference; lastKnownFileType = image.png; path = coin05.png; sourceTree = "<group>"; };
		98996EF2298B2EE6000142C7 /* coin07.png */ = {isa = PBXFileReference; lastKnownFileType = image.png; path = coin07.png; sourceTree = "<group>"; };
		98996EF3298B2EE6000142C7 /* smallexplosion6.png */ = {isa = PBXFileReference; lastKnownFileType = image.png; path = smallexplosion6.png; sourceTree = "<group>"; };
		98996EF4298B2EE6000142C7 /* coin06.png */ = {isa = PBXFileReference; lastKnownFileType = image.png; path = coin06.png; sourceTree = "<group>"; };
		98996EF5298B2EE6000142C7 /* cloud.png */ = {isa = PBXFileReference; lastKnownFileType = image.png; path = cloud.png; sourceTree = "<group>"; };
		98996EF6298B2EE6000142C7 /* coin02.png */ = {isa = PBXFileReference; lastKnownFileType = image.png; path = coin02.png; sourceTree = "<group>"; };
		98996EF7298B2EE6000142C7 /* smallexplosion2.png */ = {isa = PBXFileReference; lastKnownFileType = image.png; path = smallexplosion2.png; sourceTree = "<group>"; };
		98996EF8298B2EE6000142C7 /* smallexplosion3.png */ = {isa = PBXFileReference; lastKnownFileType = image.png; path = smallexplosion3.png; sourceTree = "<group>"; };
		98996EF9298B2EE6000142C7 /* coin03.png */ = {isa = PBXFileReference; lastKnownFileType = image.png; path = coin03.png; sourceTree = "<group>"; };
		98996EFA298B2EE6000142C7 /* coin01.png */ = {isa = PBXFileReference; lastKnownFileType = image.png; path = coin01.png; sourceTree = "<group>"; };
		98996EFB298B2EE6000142C7 /* smallexplosion1.png */ = {isa = PBXFileReference; lastKnownFileType = image.png; path = smallexplosion1.png; sourceTree = "<group>"; };
		98996EFC298B2EE6000142C7 /* nextButton.png */ = {isa = PBXFileReference; lastKnownFileType = image.png; path = nextButton.png; sourceTree = "<group>"; };
		98996EFD298B2EE6000142C7 /* explosion1.png */ = {isa = PBXFileReference; lastKnownFileType = image.png; path = explosion1.png; sourceTree = "<group>"; };
		98996EFE298B2EE6000142C7 /* enemy1.png */ = {isa = PBXFileReference; lastKnownFileType = image.png; path = enemy1.png; sourceTree = "<group>"; };
		98996EFF298B2EE6000142C7 /* explosion2.png */ = {isa = PBXFileReference; lastKnownFileType = image.png; path = explosion2.png; sourceTree = "<group>"; };
		98996F00298B2EE6000142C7 /* enemy3.png */ = {isa = PBXFileReference; lastKnownFileType = image.png; path = enemy3.png; sourceTree = "<group>"; };
		98996F01298B2EE6000142C7 /* enemy2.png */ = {isa = PBXFileReference; lastKnownFileType = image.png; path = enemy2.png; sourceTree = "<group>"; };
		98996F02298B2EE6000142C7 /* ocean.png */ = {isa = PBXFileReference; lastKnownFileType = image.png; path = ocean.png; sourceTree = "<group>"; };
		98996F03298B2EE6000142C7 /* explosion3.png */ = {isa = PBXFileReference; lastKnownFileType = image.png; path = explosion3.png; sourceTree = "<group>"; };
		98996F04298B2EE6000142C7 /* explosion7.png */ = {isa = PBXFileReference; lastKnownFileType = image.png; path = explosion7.png; sourceTree = "<group>"; };
		98996F05298B2EE6000142C7 /* startButton.png */ = {isa = PBXFileReference; lastKnownFileType = image.png; path = startButton.png; sourceTree = "<group>"; };
		98996F06298B2EE6000142C7 /* explosion6.png */ = {isa = PBXFileReference; lastKnownFileType = image.png; path = explosion6.png; sourceTree = "<group>"; };
		98996F07298B2EE6000142C7 /* explosion4.png */ = {isa = PBXFileReference; lastKnownFileType = image.png; path = explosion4.png; sourceTree = "<group>"; };
		98996F08298B2EE6000142C7 /* explosion5.png */ = {isa = PBXFileReference; lastKnownFileType = image.png; path = explosion5.png; sourceTree = "<group>"; };
		98996F0A298B2EE6000142C7 /* life.wav */ = {isa = PBXFileReference; lastKnownFileType = audio.wav; path = life.wav; sourceTree = "<group>"; };
		98996F0B298B2EE6000142C7 /* explosion.mp3 */ = {isa = PBXFileReference; lastKnownFileType = audio.mp3; path = explosion.mp3; sourceTree = "<group>"; };
		98996F0F298B2EE6000142C7 /* coin.wav */ = {isa = PBXFileReference; lastKnownFileType = audio.wav; path = coin.wav; sourceTree = "<group>"; };
		98996F10298B2EE6000142C7 /* bullet.mp3 */ = {isa = PBXFileReference; lastKnownFileType = audio.mp3; path = bullet.mp3; sourceTree = "<group>"; };
		98996F12298B2EE6000142C7 /* textureAtlas.png */ = {isa = PBXFileReference; lastKnownFileType = image.png; path = textureAtlas.png; sourceTree = "<group>"; };
		98996F13298B2EE6000142C7 /* textureAtlas.json */ = {isa = PBXFileReference; fileEncoding = 4; lastKnownFileType = text.json; path = textureAtlas.json; sourceTree = "<group>"; };
		98996F14298B2EE6000142C7 /* MailPilotDemoProject.tps */ = {isa = PBXFileReference; fileEncoding = 4; lastKnownFileType = text.xml; path = MailPilotDemoProject.tps; sourceTree = "<group>"; };
		98996F16298B2EE6000142C7 /* dock51.woff */ = {isa = PBXFileReference; lastKnownFileType = file; path = dock51.woff; sourceTree = "<group>"; };
		98996F17298B2EE6000142C7 /* dock51.woff2 */ = {isa = PBXFileReference; lastKnownFileType = file; path = dock51.woff2; sourceTree = "<group>"; };
		98996F18298B2EE6000142C7 /* Dock51.ttf */ = {isa = PBXFileReference; lastKnownFileType = file; path = Dock51.ttf; sourceTree = "<group>"; };
		98996F51298B3279000142C7 /* ColliosionManager.swift */ = {isa = PBXFileReference; lastKnownFileType = sourcecode.swift; path = ColliosionManager.swift; sourceTree = "<group>"; };
		98996F54298B4198000142C7 /* ScoreManager.swift */ = {isa = PBXFileReference; lastKnownFileType = sourcecode.swift; path = ScoreManager.swift; sourceTree = "<group>"; };
		98C15F4D298B459100DB0762 /* thunder.mp3 */ = {isa = PBXFileReference; lastKnownFileType = audio.mp3; path = thunder.mp3; sourceTree = "<group>"; };
		98C15F4E298B459100DB0762 /* yay.mp3 */ = {isa = PBXFileReference; lastKnownFileType = audio.mp3; path = yay.mp3; sourceTree = "<group>"; };
/* End PBXFileReference section */

/* Begin PBXFrameworksBuildPhase section */
		98996E3D298B2DBA000142C7 /* Frameworks */ = {
			isa = PBXFrameworksBuildPhase;
			buildActionMask = 2147483647;
			files = (
			);
			runOnlyForDeploymentPostprocessing = 0;
		};
/* End PBXFrameworksBuildPhase section */

/* Begin PBXGroup section */
		98996E37298B2DB9000142C7 = {
			isa = PBXGroup;
			children = (
				98996E42298B2DBA000142C7 /* MAPD724-W2023-ICE-3B */,
				98996E41298B2DBA000142C7 /* Products */,
			);
			sourceTree = "<group>";
		};
		98996E41298B2DBA000142C7 /* Products */ = {
			isa = PBXGroup;
			children = (
				98996E40298B2DBA000142C7 /* MAPD724-W2023-ICE-3B.app */,
			);
			name = Products;
			sourceTree = "<group>";
		};
		98996E42298B2DBA000142C7 /* MAPD724-W2023-ICE-3B */ = {
			isa = PBXGroup;
			children = (
				98996F50298B3261000142C7 /* Manager */,
				98996E63298B2E08000142C7 /* Core */,
				98996E5A298B2DE5000142C7 /* GameObjects */,
				98996E43298B2DBA000142C7 /* AppDelegate.swift */,
				98996E45298B2DBA000142C7 /* GameScene.sks */,
				98996E49298B2DBA000142C7 /* GameScene.swift */,
				98996EDD298B2EE6000142C7 /* Assets */,
				98996E4B298B2DBA000142C7 /* GameViewController.swift */,
				98996E4D298B2DBA000142C7 /* Main.storyboard */,
				98996E50298B2DBB000142C7 /* Assets.xcassets */,
				98996E52298B2DBB000142C7 /* LaunchScreen.storyboard */,
			);
			path = "MAPD724-W2023-ICE-3B";
			sourceTree = "<group>";
		};
		98996E5A298B2DE5000142C7 /* GameObjects */ = {
			isa = PBXGroup;
			children = (
				98996E5E298B2DF7000142C7 /* Cloud.swift */,
				98996E5C298B2DF7000142C7 /* Island.swift */,
				98996E5D298B2DF7000142C7 /* Ocean.swift */,
				98996E5B298B2DF7000142C7 /* Player.swift */,
			);
			path = GameObjects;
			sourceTree = "<group>";
		};
		98996E63298B2E08000142C7 /* Core */ = {
			isa = PBXGroup;
			children = (
				98996E64298B2E08000142C7 /* GameObject.swift */,
				98996E65298B2E08000142C7 /* GameObjectProtocol.swift */,
				98996E66298B2E08000142C7 /* Layer.swift */,
			);
			path = Core;
			sourceTree = "<group>";
		};
		98996EDD298B2EE6000142C7 /* Assets */ = {
			isa = PBXGroup;
			children = (
				98996EDE298B2EE6000142C7 /* images */,
				98996F09298B2EE6000142C7 /* audio */,
				98996F11298B2EE6000142C7 /* sprites */,
				98996F15298B2EE6000142C7 /* fonts */,
			);
			path = Assets;
			sourceTree = "<group>";
		};
		98996EDE298B2EE6000142C7 /* images */ = {
			isa = PBXGroup;
			children = (
				98996EDF298B2EE6000142C7 /* bullet.png */,
				98996EE0298B2EE6000142C7 /* plane3.png */,
				98996EE1298B2EE6000142C7 /* plane2.png */,
				98996EE2298B2EE6000142C7 /* plane1.png */,
				98996EE3298B2EE6000142C7 /* backButton.png */,
				98996EE4298B2EE6000142C7 /* plane.png */,
				98996EE5298B2EE6000142C7 /* island.png */,
				98996EE6298B2EE6000142C7 /* planeflash2.png */,
				98996EE7298B2EE6000142C7 /* clickMeButton.png */,
				98996EE8298B2EE6000142C7 /* planeflash1.png */,
				98996EE9298B2EE6000142C7 /* ocean.gif */,
				98996EEA298B2EE6000142C7 /* coin08.png */,
				98996EEB298B2EE6000142C7 /* coin09.png */,
				98996EEC298B2EE6000142C7 /* restartButton.png */,
				98996EED298B2EE6000142C7 /* coin10.png */,
				98996EEE298B2EE6000142C7 /* coin04.png */,
				98996EEF298B2EE6000142C7 /* smallexplosion4.png */,
				98996EF0298B2EE6000142C7 /* smallexplosion5.png */,
				98996EF1298B2EE6000142C7 /* coin05.png */,
				98996EF2298B2EE6000142C7 /* coin07.png */,
				98996EF3298B2EE6000142C7 /* smallexplosion6.png */,
				98996EF4298B2EE6000142C7 /* coin06.png */,
				98996EF5298B2EE6000142C7 /* cloud.png */,
				98996EF6298B2EE6000142C7 /* coin02.png */,
				98996EF7298B2EE6000142C7 /* smallexplosion2.png */,
				98996EF8298B2EE6000142C7 /* smallexplosion3.png */,
				98996EF9298B2EE6000142C7 /* coin03.png */,
				98996EFA298B2EE6000142C7 /* coin01.png */,
				98996EFB298B2EE6000142C7 /* smallexplosion1.png */,
				98996EFC298B2EE6000142C7 /* nextButton.png */,
				98996EFD298B2EE6000142C7 /* explosion1.png */,
				98996EFE298B2EE6000142C7 /* enemy1.png */,
				98996EFF298B2EE6000142C7 /* explosion2.png */,
				98996F00298B2EE6000142C7 /* enemy3.png */,
				98996F01298B2EE6000142C7 /* enemy2.png */,
				98996F02298B2EE6000142C7 /* ocean.png */,
				98996F03298B2EE6000142C7 /* explosion3.png */,
				98996F04298B2EE6000142C7 /* explosion7.png */,
				98996F05298B2EE6000142C7 /* startButton.png */,
				98996F06298B2EE6000142C7 /* explosion6.png */,
				98996F07298B2EE6000142C7 /* explosion4.png */,
				98996F08298B2EE6000142C7 /* explosion5.png */,
			);
			path = images;
			sourceTree = "<group>";
		};
		98996F09298B2EE6000142C7 /* audio */ = {
			isa = PBXGroup;
			children = (
				98C15F4D298B459100DB0762 /* thunder.mp3 */,
				98C15F4E298B459100DB0762 /* yay.mp3 */,
				98996F0A298B2EE6000142C7 /* life.wav */,
				98996F0B298B2EE6000142C7 /* explosion.mp3 */,
				98996F0F298B2EE6000142C7 /* coin.wav */,
				98996F10298B2EE6000142C7 /* bullet.mp3 */,
			);
			path = audio;
			sourceTree = "<group>";
		};
		98996F11298B2EE6000142C7 /* sprites */ = {
			isa = PBXGroup;
			children = (
				98996F12298B2EE6000142C7 /* textureAtlas.png */,
				98996F13298B2EE6000142C7 /* textureAtlas.json */,
				98996F14298B2EE6000142C7 /* MailPilotDemoProject.tps */,
			);
			path = sprites;
			sourceTree = "<group>";
		};
		98996F15298B2EE6000142C7 /* fonts */ = {
			isa = PBXGroup;
			children = (
				98996F16298B2EE6000142C7 /* dock51.woff */,
				98996F17298B2EE6000142C7 /* dock51.woff2 */,
				98996F18298B2EE6000142C7 /* Dock51.ttf */,
			);
			path = fonts;
			sourceTree = "<group>";
		};
		98996F50298B3261000142C7 /* Manager */ = {
			isa = PBXGroup;
			children = (
				98996F51298B3279000142C7 /* ColliosionManager.swift */,
				98996F54298B4198000142C7 /* ScoreManager.swift */,
			);
			path = Manager;
			sourceTree = "<group>";
		};
/* End PBXGroup section */

/* Begin PBXNativeTarget section */
		98996E3F298B2DBA000142C7 /* MAPD724-W2023-ICE-3B */ = {
			isa = PBXNativeTarget;
			buildConfigurationList = 98996E57298B2DBB000142C7 /* Build configuration list for PBXNativeTarget "MAPD724-W2023-ICE-3B" */;
			buildPhases = (
				98996E3C298B2DBA000142C7 /* Sources */,
				98996E3D298B2DBA000142C7 /* Frameworks */,
				98996E3E298B2DBA000142C7 /* Resources */,
			);
			buildRules = (
			);
			dependencies = (
			);
			name = "MAPD724-W2023-ICE-3B";
			productName = "MAPD724-W2023-ICE-3B";
			productReference = 98996E40298B2DBA000142C7 /* MAPD724-W2023-ICE-3B.app */;
			productType = "com.apple.product-type.application";
		};
/* End PBXNativeTarget section */

/* Begin PBXProject section */
		98996E38298B2DB9000142C7 /* Project object */ = {
			isa = PBXProject;
			attributes = {
				BuildIndependentTargetsInParallel = 1;
				LastSwiftUpdateCheck = 1400;
				LastUpgradeCheck = 1400;
				TargetAttributes = {
					98996E3F298B2DBA000142C7 = {
						CreatedOnToolsVersion = 14.0;
					};
				};
			};
			buildConfigurationList = 98996E3B298B2DB9000142C7 /* Build configuration list for PBXProject "MAPD724-W2023-ICE-3B" */;
			compatibilityVersion = "Xcode 14.0";
			developmentRegion = en;
			hasScannedForEncodings = 0;
			knownRegions = (
				en,
				Base,
			);
			mainGroup = 98996E37298B2DB9000142C7;
			productRefGroup = 98996E41298B2DBA000142C7 /* Products */;
			projectDirPath = "";
			projectRoot = "";
			targets = (
				98996E3F298B2DBA000142C7 /* MAPD724-W2023-ICE-3B */,
			);
		};
/* End PBXProject section */

/* Begin PBXResourcesBuildPhase section */
		98996E3E298B2DBA000142C7 /* Resources */ = {
			isa = PBXResourcesBuildPhase;
			buildActionMask = 2147483647;
			files = (
				98996F31298B2EE6000142C7 /* smallexplosion2.png in Resources */,
				98996F19298B2EE6000142C7 /* bullet.png in Resources */,
				98996F1A298B2EE6000142C7 /* plane3.png in Resources */,
				98996F40298B2EE6000142C7 /* explosion6.png in Resources */,
				98996F25298B2EE6000142C7 /* coin09.png in Resources */,
				98996F1B298B2EE6000142C7 /* plane2.png in Resources */,
				98996F1E298B2EE6000142C7 /* plane.png in Resources */,
				98996F44298B2EE6000142C7 /* explosion.mp3 in Resources */,
				98996F4D298B2EE6000142C7 /* dock51.woff in Resources */,
				98996F43298B2EE6000142C7 /* life.wav in Resources */,
				98996F38298B2EE6000142C7 /* enemy1.png in Resources */,
				98996E4F298B2DBA000142C7 /* Main.storyboard in Resources */,
				98996F3F298B2EE6000142C7 /* startButton.png in Resources */,
				98996F4F298B2EE6000142C7 /* Dock51.ttf in Resources */,
				98996F49298B2EE6000142C7 /* bullet.mp3 in Resources */,
				98996F23298B2EE6000142C7 /* ocean.gif in Resources */,
				98996F1D298B2EE6000142C7 /* backButton.png in Resources */,
				98996F42298B2EE6000142C7 /* explosion5.png in Resources */,
				98C15F50298B459100DB0762 /* yay.mp3 in Resources */,
				98996F22298B2EE6000142C7 /* planeflash1.png in Resources */,
				98996F41298B2EE6000142C7 /* explosion4.png in Resources */,
				98996F28298B2EE6000142C7 /* coin04.png in Resources */,
				98996F4B298B2EE6000142C7 /* textureAtlas.json in Resources */,
				98996F3C298B2EE6000142C7 /* ocean.png in Resources */,
				98996F37298B2EE6000142C7 /* explosion1.png in Resources */,
				98996F2F298B2EE6000142C7 /* cloud.png in Resources */,
				98996F29298B2EE6000142C7 /* smallexplosion4.png in Resources */,
				98996F4C298B2EE6000142C7 /* MailPilotDemoProject.tps in Resources */,
				98996F1F298B2EE6000142C7 /* island.png in Resources */,
				98996F3A298B2EE6000142C7 /* enemy3.png in Resources */,
				98996F2E298B2EE6000142C7 /* coin06.png in Resources */,
				98996F24298B2EE6000142C7 /* coin08.png in Resources */,
				98996F30298B2EE6000142C7 /* coin02.png in Resources */,
				98996F3E298B2EE6000142C7 /* explosion7.png in Resources */,
				98996F4E298B2EE6000142C7 /* dock51.woff2 in Resources */,
				98996F33298B2EE6000142C7 /* coin03.png in Resources */,
				98996F2C298B2EE6000142C7 /* coin07.png in Resources */,
				98996F32298B2EE6000142C7 /* smallexplosion3.png in Resources */,
				98996F2B298B2EE6000142C7 /* coin05.png in Resources */,
				98996F3D298B2EE6000142C7 /* explosion3.png in Resources */,
				98996F39298B2EE6000142C7 /* explosion2.png in Resources */,
				98996F27298B2EE6000142C7 /* coin10.png in Resources */,
				98996E46298B2DBA000142C7 /* GameScene.sks in Resources */,
				98996E51298B2DBB000142C7 /* Assets.xcassets in Resources */,
				98996F36298B2EE6000142C7 /* nextButton.png in Resources */,
				98996F4A298B2EE6000142C7 /* textureAtlas.png in Resources */,
				98996E54298B2DBB000142C7 /* LaunchScreen.storyboard in Resources */,
				98996F20298B2EE6000142C7 /* planeflash2.png in Resources */,
				98996F34298B2EE6000142C7 /* coin01.png in Resources */,
				98996F2D298B2EE6000142C7 /* smallexplosion6.png in Resources */,
				98996F3B298B2EE6000142C7 /* enemy2.png in Resources */,
				98996F2A298B2EE6000142C7 /* smallexplosion5.png in Resources */,
				98996F26298B2EE6000142C7 /* restartButton.png in Resources */,
				98996F21298B2EE6000142C7 /* clickMeButton.png in Resources */,
				98C15F4F298B459100DB0762 /* thunder.mp3 in Resources */,
				98996F1C298B2EE6000142C7 /* plane1.png in Resources */,
				98996F35298B2EE6000142C7 /* smallexplosion1.png in Resources */,
				98996F48298B2EE6000142C7 /* coin.wav in Resources */,
			);
			runOnlyForDeploymentPostprocessing = 0;
		};
/* End PBXResourcesBuildPhase section */

/* Begin PBXSourcesBuildPhase section */
		98996E3C298B2DBA000142C7 /* Sources */ = {
			isa = PBXSourcesBuildPhase;
			buildActionMask = 2147483647;
			files = (
				98996F55298B4198000142C7 /* ScoreManager.swift in Sources */,
				98996E5F298B2DF7000142C7 /* Player.swift in Sources */,
				98996E4A298B2DBA000142C7 /* GameScene.swift in Sources */,
				98996E4C298B2DBA000142C7 /* GameViewController.swift in Sources */,
				98996E60298B2DF7000142C7 /* Island.swift in Sources */,
				98996F52298B3279000142C7 /* ColliosionManager.swift in Sources */,
				98996E67298B2E08000142C7 /* GameObject.swift in Sources */,
				98996E68298B2E08000142C7 /* GameObjectProtocol.swift in Sources */,
				98996E62298B2DF7000142C7 /* Cloud.swift in Sources */,
				98996E69298B2E08000142C7 /* Layer.swift in Sources */,
				98996E61298B2DF7000142C7 /* Ocean.swift in Sources */,
				98996E44298B2DBA000142C7 /* AppDelegate.swift in Sources */,
			);
			runOnlyForDeploymentPostprocessing = 0;
		};
/* End PBXSourcesBuildPhase section */

/* Begin PBXVariantGroup section */
		98996E4D298B2DBA000142C7 /* Main.storyboard */ = {
			isa = PBXVariantGroup;
			children = (
				98996E4E298B2DBA000142C7 /* Base */,
			);
			name = Main.storyboard;
			sourceTree = "<group>";
		};
		98996E52298B2DBB000142C7 /* LaunchScreen.storyboard */ = {
			isa = PBXVariantGroup;
			children = (
				98996E53298B2DBB000142C7 /* Base */,
			);
			name = LaunchScreen.storyboard;
			sourceTree = "<group>";
		};
/* End PBXVariantGroup section */

/* Begin XCBuildConfiguration section */
		98996E55298B2DBB000142C7 /* Debug */ = {
			isa = XCBuildConfiguration;
			buildSettings = {
				ALWAYS_SEARCH_USER_PATHS = NO;
				CLANG_ANALYZER_NONNULL = YES;
				CLANG_ANALYZER_NUMBER_OBJECT_CONVERSION = YES_AGGRESSIVE;
				CLANG_CXX_LANGUAGE_STANDARD = "gnu++20";
				CLANG_ENABLE_MODULES = YES;
				CLANG_ENABLE_OBJC_ARC = YES;
				CLANG_ENABLE_OBJC_WEAK = YES;
				CLANG_WARN_BLOCK_CAPTURE_AUTORELEASING = YES;
				CLANG_WARN_BOOL_CONVERSION = YES;
				CLANG_WARN_COMMA = YES;
				CLANG_WARN_CONSTANT_CONVERSION = YES;
				CLANG_WARN_DEPRECATED_OBJC_IMPLEMENTATIONS = YES;
				CLANG_WARN_DIRECT_OBJC_ISA_USAGE = YES_ERROR;
				CLANG_WARN_DOCUMENTATION_COMMENTS = YES;
				CLANG_WARN_EMPTY_BODY = YES;
				CLANG_WARN_ENUM_CONVERSION = YES;
				CLANG_WARN_INFINITE_RECURSION = YES;
				CLANG_WARN_INT_CONVERSION = YES;
				CLANG_WARN_NON_LITERAL_NULL_CONVERSION = YES;
				CLANG_WARN_OBJC_IMPLICIT_RETAIN_SELF = YES;
				CLANG_WARN_OBJC_LITERAL_CONVERSION = YES;
				CLANG_WARN_OBJC_ROOT_CLASS = YES_ERROR;
				CLANG_WARN_QUOTED_INCLUDE_IN_FRAMEWORK_HEADER = YES;
				CLANG_WARN_RANGE_LOOP_ANALYSIS = YES;
				CLANG_WARN_STRICT_PROTOTYPES = YES;
				CLANG_WARN_SUSPICIOUS_MOVE = YES;
				CLANG_WARN_UNGUARDED_AVAILABILITY = YES_AGGRESSIVE;
				CLANG_WARN_UNREACHABLE_CODE = YES;
				CLANG_WARN__DUPLICATE_METHOD_MATCH = YES;
				COPY_PHASE_STRIP = NO;
				DEBUG_INFORMATION_FORMAT = dwarf;
				ENABLE_STRICT_OBJC_MSGSEND = YES;
				ENABLE_TESTABILITY = YES;
				GCC_C_LANGUAGE_STANDARD = gnu11;
				GCC_DYNAMIC_NO_PIC = NO;
				GCC_NO_COMMON_BLOCKS = YES;
				GCC_OPTIMIZATION_LEVEL = 0;
				GCC_PREPROCESSOR_DEFINITIONS = (
					"DEBUG=1",
					"$(inherited)",
				);
				GCC_WARN_64_TO_32_BIT_CONVERSION = YES;
				GCC_WARN_ABOUT_RETURN_TYPE = YES_ERROR;
				GCC_WARN_UNDECLARED_SELECTOR = YES;
				GCC_WARN_UNINITIALIZED_AUTOS = YES_AGGRESSIVE;
				GCC_WARN_UNUSED_FUNCTION = YES;
				GCC_WARN_UNUSED_VARIABLE = YES;
				IPHONEOS_DEPLOYMENT_TARGET = 16.0;
				MTL_ENABLE_DEBUG_INFO = INCLUDE_SOURCE;
				MTL_FAST_MATH = YES;
				ONLY_ACTIVE_ARCH = YES;
				SDKROOT = iphoneos;
				SWIFT_ACTIVE_COMPILATION_CONDITIONS = DEBUG;
				SWIFT_OPTIMIZATION_LEVEL = "-Onone";
			};
			name = Debug;
		};
		98996E56298B2DBB000142C7 /* Release */ = {
			isa = XCBuildConfiguration;
			buildSettings = {
				ALWAYS_SEARCH_USER_PATHS = NO;
				CLANG_ANALYZER_NONNULL = YES;
				CLANG_ANALYZER_NUMBER_OBJECT_CONVERSION = YES_AGGRESSIVE;
				CLANG_CXX_LANGUAGE_STANDARD = "gnu++20";
				CLANG_ENABLE_MODULES = YES;
				CLANG_ENABLE_OBJC_ARC = YES;
				CLANG_ENABLE_OBJC_WEAK = YES;
				CLANG_WARN_BLOCK_CAPTURE_AUTORELEASING = YES;
				CLANG_WARN_BOOL_CONVERSION = YES;
				CLANG_WARN_COMMA = YES;
				CLANG_WARN_CONSTANT_CONVERSION = YES;
				CLANG_WARN_DEPRECATED_OBJC_IMPLEMENTATIONS = YES;
				CLANG_WARN_DIRECT_OBJC_ISA_USAGE = YES_ERROR;
				CLANG_WARN_DOCUMENTATION_COMMENTS = YES;
				CLANG_WARN_EMPTY_BODY = YES;
				CLANG_WARN_ENUM_CONVERSION = YES;
				CLANG_WARN_INFINITE_RECURSION = YES;
				CLANG_WARN_INT_CONVERSION = YES;
				CLANG_WARN_NON_LITERAL_NULL_CONVERSION = YES;
				CLANG_WARN_OBJC_IMPLICIT_RETAIN_SELF = YES;
				CLANG_WARN_OBJC_LITERAL_CONVERSION = YES;
				CLANG_WARN_OBJC_ROOT_CLASS = YES_ERROR;
				CLANG_WARN_QUOTED_INCLUDE_IN_FRAMEWORK_HEADER = YES;
				CLANG_WARN_RANGE_LOOP_ANALYSIS = YES;
				CLANG_WARN_STRICT_PROTOTYPES = YES;
				CLANG_WARN_SUSPICIOUS_MOVE = YES;
				CLANG_WARN_UNGUARDED_AVAILABILITY = YES_AGGRESSIVE;
				CLANG_WARN_UNREACHABLE_CODE = YES;
				CLANG_WARN__DUPLICATE_METHOD_MATCH = YES;
				COPY_PHASE_STRIP = NO;
				DEBUG_INFORMATION_FORMAT = "dwarf-with-dsym";
				ENABLE_NS_ASSERTIONS = NO;
				ENABLE_STRICT_OBJC_MSGSEND = YES;
				GCC_C_LANGUAGE_STANDARD = gnu11;
				GCC_NO_COMMON_BLOCKS = YES;
				GCC_WARN_64_TO_32_BIT_CONVERSION = YES;
				GCC_WARN_ABOUT_RETURN_TYPE = YES_ERROR;
				GCC_WARN_UNDECLARED_SELECTOR = YES;
				GCC_WARN_UNINITIALIZED_AUTOS = YES_AGGRESSIVE;
				GCC_WARN_UNUSED_FUNCTION = YES;
				GCC_WARN_UNUSED_VARIABLE = YES;
				IPHONEOS_DEPLOYMENT_TARGET = 16.0;
				MTL_ENABLE_DEBUG_INFO = NO;
				MTL_FAST_MATH = YES;
				SDKROOT = iphoneos;
				SWIFT_COMPILATION_MODE = wholemodule;
				SWIFT_OPTIMIZATION_LEVEL = "-O";
				VALIDATE_PRODUCT = YES;
			};
			name = Release;
		};
		98996E58298B2DBB000142C7 /* Debug */ = {
			isa = XCBuildConfiguration;
			buildSettings = {
				ASSETCATALOG_COMPILER_APPICON_NAME = AppIcon;
				ASSETCATALOG_COMPILER_GLOBAL_ACCENT_COLOR_NAME = AccentColor;
				CODE_SIGN_STYLE = Automatic;
				CURRENT_PROJECT_VERSION = 1;
				GENERATE_INFOPLIST_FILE = YES;
				INFOPLIST_KEY_UIApplicationSupportsIndirectInputEvents = YES;
				INFOPLIST_KEY_UILaunchStoryboardName = LaunchScreen;
				INFOPLIST_KEY_UIMainStoryboardFile = Main;
				INFOPLIST_KEY_UIStatusBarHidden = YES;
				INFOPLIST_KEY_UISupportedInterfaceOrientations_iPad = "UIInterfaceOrientationPortrait UIInterfaceOrientationPortraitUpsideDown UIInterfaceOrientationLandscapeLeft UIInterfaceOrientationLandscapeRight";
				INFOPLIST_KEY_UISupportedInterfaceOrientations_iPhone = "UIInterfaceOrientationPortrait UIInterfaceOrientationLandscapeLeft UIInterfaceOrientationLandscapeRight";
				LD_RUNPATH_SEARCH_PATHS = (
					"$(inherited)",
					"@executable_path/Frameworks",
				);
				MARKETING_VERSION = 1.0;
				PRODUCT_BUNDLE_IDENTIFIER = "com.game123.MAPD724-W2023-ICE-3B";
				PRODUCT_NAME = "$(TARGET_NAME)";
				SWIFT_EMIT_LOC_STRINGS = YES;
				SWIFT_VERSION = 5.0;
				TARGETED_DEVICE_FAMILY = "1,2";
			};
			name = Debug;
		};
		98996E59298B2DBB000142C7 /* Release */ = {
			isa = XCBuildConfiguration;
			buildSettings = {
				ASSETCATALOG_COMPILER_APPICON_NAME = AppIcon;
				ASSETCATALOG_COMPILER_GLOBAL_ACCENT_COLOR_NAME = AccentColor;
				CODE_SIGN_STYLE = Automatic;
				CURRENT_PROJECT_VERSION = 1;
				GENERATE_INFOPLIST_FILE = YES;
				INFOPLIST_KEY_UIApplicationSupportsIndirectInputEvents = YES;
				INFOPLIST_KEY_UILaunchStoryboardName = LaunchScreen;
				INFOPLIST_KEY_UIMainStoryboardFile = Main;
				INFOPLIST_KEY_UIStatusBarHidden = YES;
				INFOPLIST_KEY_UISupportedInterfaceOrientations_iPad = "UIInterfaceOrientationPortrait UIInterfaceOrientationPortraitUpsideDown UIInterfaceOrientationLandscapeLeft UIInterfaceOrientationLandscapeRight";
				INFOPLIST_KEY_UISupportedInterfaceOrientations_iPhone = "UIInterfaceOrientationPortrait UIInterfaceOrientationLandscapeLeft UIInterfaceOrientationLandscapeRight";
				LD_RUNPATH_SEARCH_PATHS = (
					"$(inherited)",
					"@executable_path/Frameworks",
				);
				MARKETING_VERSION = 1.0;
				PRODUCT_BUNDLE_IDENTIFIER = "com.game123.MAPD724-W2023-ICE-3B";
				PRODUCT_NAME = "$(TARGET_NAME)";
				SWIFT_EMIT_LOC_STRINGS = YES;
				SWIFT_VERSION = 5.0;
				TARGETED_DEVICE_FAMILY = "1,2";
			};
			name = Release;
		};
/* End XCBuildConfiguration section */

/* Begin XCConfigurationList section */
		98996E3B298B2DB9000142C7 /* Build configuration list for PBXProject "MAPD724-W2023-ICE-3B" */ = {
			isa = XCConfigurationList;
			buildConfigurations = (
				98996E55298B2DBB000142C7 /* Debug */,
				98996E56298B2DBB000142C7 /* Release */,
			);
			defaultConfigurationIsVisible = 0;
			defaultConfigurationName = Release;
		};
		98996E57298B2DBB000142C7 /* Build configuration list for PBXNativeTarget "MAPD724-W2023-ICE-3B" */ = {
			isa = XCConfigurationList;
			buildConfigurations = (
				98996E58298B2DBB000142C7 /* Debug */,
				98996E59298B2DBB000142C7 /* Release */,
			);
			defaultConfigurationIsVisible = 0;
			defaultConfigurationName = Release;
		};
/* End XCConfigurationList section */
	};
	rootObject = 98996E38298B2DB9000142C7 /* Project object */;
}
